
Microsoft Visual Studio Solution File, Format Version 12.00
# Visual Studio Version 17
VisualStudioVersion = 17.5.002.0
MinimumVisualStudioVersion = 10.0.40219.1
Project("{2150E333-8FDC-42A3-9474-1A3956D46DE8}") = "completed-workshop", "completed-workshop", "{2518882B-3E12-440D-8E7A-0E0798578A79}"
EndProject
Project("{2150E333-8FDC-42A3-9474-1A3956D46DE8}") = "dotnet", "dotnet", "{910182FC-D582-4606-9487-B8DDE3DBC2C4}"
EndProject
Project("{9A19103F-16F7-4668-BE54-9A1E7A4F7556}") = "PizzaDelivery", "completed-workshop\dotnet\PizzaDelivery\PizzaDelivery.csproj", "{2179AD49-6621-421F-8202-FD9338A0DBD2}"
EndProject
Project("{9A19103F-16F7-4668-BE54-9A1E7A4F7556}") = "PizzaKitchen", "completed-workshop\dotnet\PizzaKitchen\PizzaKitchen.csproj", "{1BD78CEB-86B4-4991-B2BD-B936181FD835}"
EndProject
Project("{9A19103F-16F7-4668-BE54-9A1E7A4F7556}") = "PizzaStore", "completed-workshop\dotnet\PizzaStore\PizzaStore.csproj", "{91A4BAF4-EE48-4ED1-8E98-3897CFB7180B}"
EndProject
Global
	GlobalSection(SolutionConfigurationPlatforms) = preSolution
		Debug|Any CPU = Debug|Any CPU
		Release|Any CPU = Release|Any CPU
	EndGlobalSection
	GlobalSection(ProjectConfigurationPlatforms) = postSolution
		{2179AD49-6621-421F-8202-FD9338A0DBD2}.Debug|Any CPU.ActiveCfg = Debug|Any CPU
		{2179AD49-6621-421F-8202-FD9338A0DBD2}.Debug|Any CPU.Build.0 = Debug|Any CPU
		{2179AD49-6621-421F-8202-FD9338A0DBD2}.Release|Any CPU.ActiveCfg = Release|Any CPU
		{2179AD49-6621-421F-8202-FD9338A0DBD2}.Release|Any CPU.Build.0 = Release|Any CPU
		{1BD78CEB-86B4-4991-B2BD-B936181FD835}.Debug|Any CPU.ActiveCfg = Debug|Any CPU
		{1BD78CEB-86B4-4991-B2BD-B936181FD835}.Debug|Any CPU.Build.0 = Debug|Any CPU
		{1BD78CEB-86B4-4991-B2BD-B936181FD835}.Release|Any CPU.ActiveCfg = Release|Any CPU
		{1BD78CEB-86B4-4991-B2BD-B936181FD835}.Release|Any CPU.Build.0 = Release|Any CPU
		{91A4BAF4-EE48-4ED1-8E98-3897CFB7180B}.Debug|Any CPU.ActiveCfg = Debug|Any CPU
		{91A4BAF4-EE48-4ED1-8E98-3897CFB7180B}.Debug|Any CPU.Build.0 = Debug|Any CPU
		{91A4BAF4-EE48-4ED1-8E98-3897CFB7180B}.Release|Any CPU.ActiveCfg = Release|Any CPU
		{91A4BAF4-EE48-4ED1-8E98-3897CFB7180B}.Release|Any CPU.Build.0 = Release|Any CPU
	EndGlobalSection
	GlobalSection(SolutionProperties) = preSolution
		HideSolutionNode = FALSE
	EndGlobalSection
	GlobalSection(NestedProjects) = preSolution
		{910182FC-D582-4606-9487-B8DDE3DBC2C4} = {2518882B-3E12-440D-8E7A-0E0798578A79}
		{2179AD49-6621-421F-8202-FD9338A0DBD2} = {910182FC-D582-4606-9487-B8DDE3DBC2C4}
		{1BD78CEB-86B4-4991-B2BD-B936181FD835} = {910182FC-D582-4606-9487-B8DDE3DBC2C4}
		{91A4BAF4-EE48-4ED1-8E98-3897CFB7180B} = {910182FC-D582-4606-9487-B8DDE3DBC2C4}
	EndGlobalSection
	GlobalSection(ExtensibilityGlobals) = postSolution
		SolutionGuid = {E5C614D8-0AF0-4923-82E0-A6DD31EAAEAB}
	EndGlobalSection
EndGlobal
